
Microsoft Visual Studio Solution File, Format Version 12.00
# Visual Studio Version 17
VisualStudioVersion = 17.1.32319.34
MinimumVisualStudioVersion = 10.0.40219.1
Project("{FAE04EC0-301F-11D3-BF4B-00C04F79EFBC}") = "CA1", "CA1\CA1.csproj", "{B90E61AF-D014-4A6F-8042-F006BADA84AA}"
EndProject
Global
	GlobalSection(SolutionConfigurationPlatforms) = preSolution
		Debug|Any CPU = Debug|Any CPU
		Release|Any CPU = Release|Any CPU
	EndGlobalSection
	GlobalSection(ProjectConfigurationPlatforms) = postSolution
		{B90E61AF-D014-4A6F-8042-F006BADA84AA}.Debug|Any CPU.ActiveCfg = Debug|Any CPU
		{B90E61AF-D014-4A6F-8042-F006BADA84AA}.Debug|Any CPU.Build.0 = Debug|Any CPU
		{B90E61AF-D014-4A6F-8042-F006BADA84AA}.Release|Any CPU.ActiveCfg = Release|Any CPU
		{B90E61AF-D014-4A6F-8042-F006BADA84AA}.Release|Any CPU.Build.0 = Release|Any CPU
	EndGlobalSection
	GlobalSection(SolutionProperties) = preSolution
		HideSolutionNode = FALSE
	EndGlobalSection
	GlobalSection(ExtensibilityGlobals) = postSolution
		SolutionGuid = {4517FF35-76A0-4F57-848B-B5B4B6B0A36E}
	EndGlobalSection
EndGlobal
